
Microsoft Visual Studio Solution File, Format Version 12.00
# Visual Studio Version 16
VisualStudioVersion = 16.0.31729.503
MinimumVisualStudioVersion = 10.0.40219.1
Project("{FAE04EC0-301F-11D3-BF4B-00C04F79EFBC}") = "Insertionsort", "Insertionsort\Insertionsort.csproj", "{4398D943-DD44-431F-A772-535E8E116CD6}"
EndProject
Global
	GlobalSection(SolutionConfigurationPlatforms) = preSolution
		Debug|Any CPU = Debug|Any CPU
		Release|Any CPU = Release|Any CPU
	EndGlobalSection
	GlobalSection(ProjectConfigurationPlatforms) = postSolution
		{4398D943-DD44-431F-A772-535E8E116CD6}.Debug|Any CPU.ActiveCfg = Debug|Any CPU
		{4398D943-DD44-431F-A772-535E8E116CD6}.Debug|Any CPU.Build.0 = Debug|Any CPU
		{4398D943-DD44-431F-A772-535E8E116CD6}.Release|Any CPU.ActiveCfg = Release|Any CPU
		{4398D943-DD44-431F-A772-535E8E116CD6}.Release|Any CPU.Build.0 = Release|Any CPU
	EndGlobalSection
	GlobalSection(SolutionProperties) = preSolution
		HideSolutionNode = FALSE
	EndGlobalSection
	GlobalSection(ExtensibilityGlobals) = postSolution
		SolutionGuid = {B204C184-06A3-4675-BE8C-438205C50EC7}
	EndGlobalSection
EndGlobal
